
Microsoft Visual Studio Solution File, Format Version 12.00
# Visual Studio 15
VisualStudioVersion = 15.0.28307.489
MinimumVisualStudioVersion = 10.0.40219.1
Project("{FAE04EC0-301F-11D3-BF4B-00C04F79EFBC}") = "WebApiWithAngular", "WebApiWithAngular\WebApiWithAngular.csproj", "{DF340702-3345-485D-A2E2-D10A5C45B282}"
EndProject
Global
	GlobalSection(SolutionConfigurationPlatforms) = preSolution
		Debug|Any CPU = Debug|Any CPU
		Release|Any CPU = Release|Any CPU
	EndGlobalSection
	GlobalSection(ProjectConfigurationPlatforms) = postSolution
		{DF340702-3345-485D-A2E2-D10A5C45B282}.Debug|Any CPU.ActiveCfg = Debug|Any CPU
		{DF340702-3345-485D-A2E2-D10A5C45B282}.Debug|Any CPU.Build.0 = Debug|Any CPU
		{DF340702-3345-485D-A2E2-D10A5C45B282}.Release|Any CPU.ActiveCfg = Release|Any CPU
		{DF340702-3345-485D-A2E2-D10A5C45B282}.Release|Any CPU.Build.0 = Release|Any CPU
	EndGlobalSection
	GlobalSection(SolutionProperties) = preSolution
		HideSolutionNode = FALSE
	EndGlobalSection
	GlobalSection(ExtensibilityGlobals) = postSolution
		SolutionGuid = {9B599C2D-A1DC-4ED1-B3E9-73BD143281CE}
	EndGlobalSection
EndGlobal
